// !$*UTF8*$!
{
       archiveVersion = 1;
       classes = {
       };
       objectVersion = 45;
       objects = {

/* Begin PBXAggregateTarget section */
              863760863760863760000000 /* ALL_BUILD */ = {
                     isa = PBXAggregateTarget;
                     buildConfigurationList = 864770864770864770000000 /* Build configuration list for PBXAggregateTarget "ALL_BUILD" */;
                     buildPhases = (
                            8639E08639E08639E0000000 /* CMake ReRun */,
                            8640F08640F08640F0000000 /* CMake Rules */,
                     );
                     dependencies = (
                            875D30875D30875D30000000 /* PBXTargetDependency */,
                     );
                     name = ALL_BUILD;
                     productName = ALL_BUILD;
              };
/* End PBXAggregateTarget section */

/* Begin PBXBuildFile section */
86BD8086BD8086BD80000000 /* /Users/gijs/Work/sonic-vision/code/cpp/finder/finder.cpp */ = {isa = PBXBuildFile; fileRef = 86B71086B71086B710000000 /* /Users/gijs/Work/sonic-vision/code/cpp/finder/finder.cpp */; settings = { COMPILER_FLAGS = ""; }; };
86C28086C28086C280000000 /* /Users/gijs/Work/sonic-vision/code/cpp/finder/CMakeLists.txt */ = {isa = PBXBuildFile; fileRef = 86B01086B01086B010000000 /* /Users/gijs/Work/sonic-vision/code/cpp/finder/CMakeLists.txt */; settings = { COMPILER_FLAGS = ""; }; };
/* End PBXBuildFile section */

/* Begin PBXBuildStyle section */
              85E01085E01085E010000000 /*  */ = {
                     isa = PBXBuildStyle;
              };
              85E18085E18085E180000000 /* Debug */ = {
                     isa = PBXBuildStyle;
                     buildSettings = {
                            COPY_PHASE_STRIP = NO;
                     };
                     name = Debug;
              };
              85E59085E59085E590000000 /* Release */ = {
                     isa = PBXBuildStyle;
                     buildSettings = {
                            COPY_PHASE_STRIP = NO;
                     };
                     name = Release;
              };
              85E98085E98085E980000000 /* MinSizeRel */ = {
                     isa = PBXBuildStyle;
                     buildSettings = {
                            COPY_PHASE_STRIP = NO;
                     };
                     name = MinSizeRel;
              };
              85ED5085ED5085ED50000000 /* RelWithDebInfo */ = {
                     isa = PBXBuildStyle;
                     buildSettings = {
                            COPY_PHASE_STRIP = NO;
                     };
                     name = RelWithDebInfo;
              };
/* End PBXBuildStyle section */

/* Begin PBXContainerItemProxy section */
              875830875830875830000000 /* PBXContainerItemProxy */ = {
                     isa = PBXContainerItemProxy;
                     containerPortal = 8613B08613B08613B0000000 /* Project object */;
                     proxyType = 1;
                     remoteGlobalIDString = 86DA4086DA4086DA40000000;
                     remoteInfo = finder;
              };
/* End PBXContainerItemProxy section */

/* Begin PBXFileReference section */
86B01086B01086B010000000 /* /Users/gijs/Work/sonic-vision/code/cpp/finder/CMakeLists.txt */ = {isa = PBXFileReference; fileEncoding = 4; lastKnownFileType = "sourcecode.text"; name = "CMakeLists.txt"; path = "CMakeLists.txt"; sourceTree = SOURCE_ROOT; };
86B71086B71086B710000000 /* /Users/gijs/Work/sonic-vision/code/cpp/finder/finder.cpp */ = {isa = PBXFileReference; fileEncoding = 4; lastKnownFileType = "sourcecode.cpp.cpp"; name = "finder.cpp"; path = "finder.cpp"; sourceTree = SOURCE_ROOT; };
875150875150875150000000 /* finder */ = {isa = PBXFileReference; explicitFileType = "compiled.mach-o.executable"; path = finder; refType = 0; sourceTree = BUILT_PRODUCTS_DIR; };
/* End PBXFileReference section */

/* Begin PBXGroup section */
              85F16085F16085F160000000  = {
                     isa = PBXGroup;
                     children = (
                            85F43085F43085F430000000 /* Sources */,
                            85F80085F80085F800000000 /* Resources */,
                            85FBD085FBD085FBD0000000 /* Products */,
                     );
                     sourceTree = "<group>";
              };
              85F43085F43085F430000000 /* Sources */ = {
                     isa = PBXGroup;
                     children = (
                            85FE5085FE5085FE50000000 /* ALL_BUILD */,
                            8608D08608D08608D0000000 /* finder */,
                     );
                     name = Sources;
                     sourceTree = "<group>";
              };
              85F80085F80085F800000000 /* Resources */ = {
                     isa = PBXGroup;
                     children = (
                     );
                     name = Resources;
                     sourceTree = "<group>";
              };
              85FE5085FE5085FE50000000 /* ALL_BUILD */ = {
                     isa = PBXGroup;
                     children = (
                            860440860440860440000000 /* CMake Rules */,
                            86B01086B01086B010000000 /* /Users/gijs/Work/sonic-vision/code/cpp/finder/CMakeLists.txt */,
                     );
                     name = ALL_BUILD;
                     sourceTree = "<group>";
              };
              860440860440860440000000 /* CMake Rules */ = {
                     isa = PBXGroup;
                     children = (
                     );
                     name = "CMake Rules";
                     sourceTree = "<group>";
              };
              8608D08608D08608D0000000 /* finder */ = {
                     isa = PBXGroup;
                     children = (
                            860CD0860CD0860CD0000000 /* Source Files */,
                            86B01086B01086B010000000 /* /Users/gijs/Work/sonic-vision/code/cpp/finder/CMakeLists.txt */,
                     );
                     name = finder;
                     sourceTree = "<group>";
              };
              860CD0860CD0860CD0000000 /* Source Files */ = {
                     isa = PBXGroup;
                     children = (
                            86B71086B71086B710000000 /* /Users/gijs/Work/sonic-vision/code/cpp/finder/finder.cpp */,
                     );
                     name = "Source Files";
                     sourceTree = "<group>";
              };
              85FBD085FBD085FBD0000000 /* Products */ = {
                     isa = PBXGroup;
                     children = (
                            875150875150875150000000 /* finder */,
                     );
                     name = Products;
                     sourceTree = "<group>";
              };
/* End PBXGroup section */

/* Begin PBXNativeTarget section */
              86DA4086DA4086DA40000000 /* finder */ = {
                     isa = PBXNativeTarget;
                     buildConfigurationList = 86DE5086DE5086DE50000000 /* Build configuration list for PBXNativeTarget "finder" */;
                     buildPhases = (
                            86CC7086CC7086CC70000000 /* CMake ReRun */,
                            86C84086C84086C840000000 /* Sources */,
                            86D41086D41086D410000000 /* CMake PostBuild Rules */,
                     );
                     buildRules = (
                     );
                     dependencies = (
                     );
                     name = finder;
                     productName = finder;
                     productReference = 875150875150875150000000 /* finder */;
                     productType = "com.apple.product-type.tool";
              };
/* End PBXNativeTarget section */

/* Begin PBXProject section */
              8613B08613B08613B0000000 /* Project object */ = {
                     isa = PBXProject;
                     attributes = {
                            BuildIndependentTargetsInParallel = YES;
                     };
                     buildConfigurationList = 861C50861C50861C50000000 /* Build configuration list for PBXProject  "finder" */;
                     buildSettings = {
                     };
                     buildStyles = (
                            85E18085E18085E180000000 /* Debug */,
                            85E59085E59085E590000000 /* Release */,
                            85E98085E98085E980000000 /* MinSizeRel */,
                            85ED5085ED5085ED50000000 /* RelWithDebInfo */,
                     );
                     compatibilityVersion = "Xcode 3.1";
                     hasScannedForEncodings = 0;
                     mainGroup = 85F16085F16085F160000000;
                     projectDirPath = "..";
                     projectRoot = "";
                     targets = (
                            863760863760863760000000 /* ALL_BUILD */,
                            86DA4086DA4086DA40000000 /* finder */,
                     );
              };
/* End PBXProject section */

/* Begin PBXShellScriptBuildPhase section */
              862FF0862FF0862FF0000000 /*  */ = {
                     isa = PBXShellScriptBuildPhase;
                     buildActionMask = 2147483647;
                     files = (
                     );
                     inputPaths = (
                     );
                     outputPaths = (
                     );
                     runOnlyForDeploymentPostprocessing = 0;
                     shellPath = /bin/sh;
                     shellScript = "# shell script goes here
exit 0";
              };
              8639E08639E08639E0000000 /* CMake ReRun */ = {
                     isa = PBXShellScriptBuildPhase;
                     buildActionMask = 2147483647;
                     files = (
                     );
                     name = "CMake ReRun";
                     runOnlyForDeploymentPostprocessing = 0;
                     shellPath = /bin/sh;
                     shellScript = "make -C /Users/gijs/Work/sonic-vision/code/cpp/finder/build.mac -f /Users/gijs/Work/sonic-vision/code/cpp/finder/build.mac/CMakeScripts/ReRunCMake.make";
              };
              8640F08640F08640F0000000 /* CMake Rules */ = {
                     isa = PBXShellScriptBuildPhase;
                     buildActionMask = 2147483647;
                     files = (
                     );
                     name = "CMake Rules";
                     runOnlyForDeploymentPostprocessing = 0;
                     shellPath = /bin/sh;
                     shellScript = "make -C /Users/gijs/Work/sonic-vision/code/cpp/finder/build.mac -f /Users/gijs/Work/sonic-vision/code/cpp/finder/build.mac/CMakeScripts/ALL_BUILD_cmakeRulesBuildPhase.make$CONFIGURATION all";
              };
              86CC7086CC7086CC70000000 /* CMake ReRun */ = {
                     isa = PBXShellScriptBuildPhase;
                     buildActionMask = 2147483647;
                     files = (
                     );
                     name = "CMake ReRun";
                     runOnlyForDeploymentPostprocessing = 0;
                     shellPath = /bin/sh;
                     shellScript = "make -C /Users/gijs/Work/sonic-vision/code/cpp/finder/build.mac -f /Users/gijs/Work/sonic-vision/code/cpp/finder/build.mac/CMakeScripts/ReRunCMake.make";
              };
              86D41086D41086D410000000 /* CMake PostBuild Rules */ = {
                     isa = PBXShellScriptBuildPhase;
                     buildActionMask = 2147483647;
                     files = (
                     );
                     name = "CMake PostBuild Rules";
                     runOnlyForDeploymentPostprocessing = 0;
                     shellPath = /bin/sh;
                     shellScript = "make -C /Users/gijs/Work/sonic-vision/code/cpp/finder/build.mac -f /Users/gijs/Work/sonic-vision/code/cpp/finder/build.mac/CMakeScripts/finder_postBuildPhase.make$CONFIGURATION all";
              };
/* End PBXShellScriptBuildPhase section */

/* Begin PBXSourcesBuildPhase section */
              86C84086C84086C840000000 /* Sources */ = {
                     isa = PBXSourcesBuildPhase;
                     buildActionMask = 2147483647;
                     files = (
                            86BD8086BD8086BD80000000 /* /Users/gijs/Work/sonic-vision/code/cpp/finder/finder.cpp */,
                     );
                     runOnlyForDeploymentPostprocessing = 0;
              };
/* End PBXSourcesBuildPhase section */

/* Begin PBXTargetDependency section */
              875D30875D30875D30000000 /* PBXTargetDependency */ = {
                     isa = PBXTargetDependency;
                     target = 86DA4086DA4086DA40000000 /* finder */;
                     targetProxy = 875830875830875830000000 /* PBXContainerItemProxy */;
              };
/* End PBXTargetDependency section */

/* Begin XCBuildConfiguration section */
              861DC0861DC0861DC0000000 /* Debug */ = {
                     isa = XCBuildConfiguration;
                     buildSettings = {
                            ARCHS = "$(ARCHS_STANDARD_32_64_BIT) ";
                            MACOSX_DEPLOYMENT_TARGET = "10.6";
                            ONLY_ACTIVE_ARCH = YES;
                            SDKROOT = "/Developer/SDKs/MacOSX10.6.sdk";
                            SYMROOT = "/Users/gijs/Work/sonic-vision/code/cpp/finder/build.mac/build";
                     };
                     name = Debug;
              };
              861FA0861FA0861FA0000000 /* Release */ = {
                     isa = XCBuildConfiguration;
                     buildSettings = {
                            ARCHS = "$(ARCHS_STANDARD_32_64_BIT) ";
                            MACOSX_DEPLOYMENT_TARGET = "10.6";
                            ONLY_ACTIVE_ARCH = YES;
                            SDKROOT = "/Developer/SDKs/MacOSX10.6.sdk";
                            SYMROOT = "/Users/gijs/Work/sonic-vision/code/cpp/finder/build.mac/build";
                     };
                     name = Release;
              };
              8620A08620A08620A0000000 /* MinSizeRel */ = {
                     isa = XCBuildConfiguration;
                     buildSettings = {
                            ARCHS = "$(ARCHS_STANDARD_32_64_BIT) ";
                            MACOSX_DEPLOYMENT_TARGET = "10.6";
                            ONLY_ACTIVE_ARCH = YES;
                            SDKROOT = "/Developer/SDKs/MacOSX10.6.sdk";
                            SYMROOT = "/Users/gijs/Work/sonic-vision/code/cpp/finder/build.mac/build";
                     };
                     name = MinSizeRel;
              };
              862230862230862230000000 /* RelWithDebInfo */ = {
                     isa = XCBuildConfiguration;
                     buildSettings = {
                            ARCHS = "$(ARCHS_STANDARD_32_64_BIT) ";
                            MACOSX_DEPLOYMENT_TARGET = "10.6";
                            ONLY_ACTIVE_ARCH = YES;
                            SDKROOT = "/Developer/SDKs/MacOSX10.6.sdk";
                            SYMROOT = "/Users/gijs/Work/sonic-vision/code/cpp/finder/build.mac/build";
                     };
                     name = RelWithDebInfo;
              };
              864C80864C80864C80000000 /* Debug */ = {
                     isa = XCBuildConfiguration;
                     buildSettings = {
                            GCC_GENERATE_DEBUGGING_SYMBOLS = NO;
                            GCC_INLINES_ARE_PRIVATE_EXTERN = NO;
                            GCC_OPTIMIZATION_LEVEL = 0;
                            GCC_PREPROCESSOR_DEFINITIONS = ("'CMAKE_INTDIR=\"$(CONFIGURATION)\"'", );
                            GCC_SYMBOLS_PRIVATE_EXTERN = NO;
                            HEADER_SEARCH_PATHS = (/usr/local/include/opencv, );
                            INSTALL_PATH = "";
                            OTHER_CFLAGS = "  ";
                            OTHER_LDFLAGS = "";
                            OTHER_REZFLAGS = "";
                            PREBINDING = NO;
                            PRODUCT_NAME = ALL_BUILD;
                            SECTORDER_FLAGS = "";
                            SYMROOT = "/Users/gijs/Work/sonic-vision/code/cpp/finder/build.mac";
                            USE_HEADERMAP = NO;
                            WARNING_CFLAGS = ("-Wmost", "-Wno-four-char-constants", "-Wno-unknown-pragmas", );
                     };
                     name = Debug;
              };
              8664A08664A08664A0000000 /* Release */ = {
                     isa = XCBuildConfiguration;
                     buildSettings = {
                            GCC_GENERATE_DEBUGGING_SYMBOLS = NO;
                            GCC_INLINES_ARE_PRIVATE_EXTERN = NO;
                            GCC_OPTIMIZATION_LEVEL = 0;
                            GCC_PREPROCESSOR_DEFINITIONS = ("'CMAKE_INTDIR=\"$(CONFIGURATION)\"'", );
                            GCC_SYMBOLS_PRIVATE_EXTERN = NO;
                            HEADER_SEARCH_PATHS = (/usr/local/include/opencv, );
                            INSTALL_PATH = "";
                            OTHER_CFLAGS = "  ";
                            OTHER_LDFLAGS = "";
                            OTHER_REZFLAGS = "";
                            PREBINDING = NO;
                            PRODUCT_NAME = ALL_BUILD;
                            SECTORDER_FLAGS = "";
                            SYMROOT = "/Users/gijs/Work/sonic-vision/code/cpp/finder/build.mac";
                            USE_HEADERMAP = NO;
                            WARNING_CFLAGS = ("-Wmost", "-Wno-four-char-constants", "-Wno-unknown-pragmas", );
                     };
                     name = Release;
              };
              867C70867C70867C70000000 /* MinSizeRel */ = {
                     isa = XCBuildConfiguration;
                     buildSettings = {
                            GCC_GENERATE_DEBUGGING_SYMBOLS = NO;
                            GCC_INLINES_ARE_PRIVATE_EXTERN = NO;
                            GCC_OPTIMIZATION_LEVEL = 0;
                            GCC_PREPROCESSOR_DEFINITIONS = ("'CMAKE_INTDIR=\"$(CONFIGURATION)\"'", );
                            GCC_SYMBOLS_PRIVATE_EXTERN = NO;
                            HEADER_SEARCH_PATHS = (/usr/local/include/opencv, );
                            INSTALL_PATH = "";
                            OTHER_CFLAGS = "  ";
                            OTHER_LDFLAGS = "";
                            OTHER_REZFLAGS = "";
                            PREBINDING = NO;
                            PRODUCT_NAME = ALL_BUILD;
                            SECTORDER_FLAGS = "";
                            SYMROOT = "/Users/gijs/Work/sonic-vision/code/cpp/finder/build.mac";
                            USE_HEADERMAP = NO;
                            WARNING_CFLAGS = ("-Wmost", "-Wno-four-char-constants", "-Wno-unknown-pragmas", );
                     };
                     name = MinSizeRel;
              };
              869440869440869440000000 /* RelWithDebInfo */ = {
                     isa = XCBuildConfiguration;
                     buildSettings = {
                            GCC_GENERATE_DEBUGGING_SYMBOLS = NO;
                            GCC_INLINES_ARE_PRIVATE_EXTERN = NO;
                            GCC_OPTIMIZATION_LEVEL = 0;
                            GCC_PREPROCESSOR_DEFINITIONS = ("'CMAKE_INTDIR=\"$(CONFIGURATION)\"'", );
                            GCC_SYMBOLS_PRIVATE_EXTERN = NO;
                            HEADER_SEARCH_PATHS = (/usr/local/include/opencv, );
                            INSTALL_PATH = "";
                            OTHER_CFLAGS = "  ";
                            OTHER_LDFLAGS = "";
                            OTHER_REZFLAGS = "";
                            PREBINDING = NO;
                            PRODUCT_NAME = ALL_BUILD;
                            SECTORDER_FLAGS = "";
                            SYMROOT = "/Users/gijs/Work/sonic-vision/code/cpp/finder/build.mac";
                            USE_HEADERMAP = NO;
                            WARNING_CFLAGS = ("-Wmost", "-Wno-four-char-constants", "-Wno-unknown-pragmas", );
                     };
                     name = RelWithDebInfo;
              };
              86E19086E19086E190000000 /* Debug */ = {
                     isa = XCBuildConfiguration;
                     buildSettings = {
                            EXECUTABLE_PREFIX = "";
                            EXECUTABLE_SUFFIX = "";
                            GCC_GENERATE_DEBUGGING_SYMBOLS = YES;
                            GCC_INLINES_ARE_PRIVATE_EXTERN = NO;
                            GCC_OPTIMIZATION_LEVEL = 0;
                            GCC_PREPROCESSOR_DEFINITIONS = ("'CMAKE_INTDIR=\"$(CONFIGURATION)\"'", );
                            GCC_SYMBOLS_PRIVATE_EXTERN = NO;
                            HEADER_SEARCH_PATHS = (/usr/local/include/opencv, );
                            INSTALL_PATH = "";
                            LIBRARY_SEARCH_PATHS = " /usr/local/lib/$(CONFIGURATION) /usr/local/lib";
                            OTHER_CFLAGS = "    ";
                            OTHER_CPLUSPLUSFLAGS = "    ";
                            OTHER_LDFLAGS = " -Wl,-search_paths_first -headerpad_max_install_names -lcxcore -lcv -lml -lhighgui -lcvaux";
                            OTHER_REZFLAGS = "";
                            PREBINDING = NO;
                            PRODUCT_NAME = finder;
                            SECTORDER_FLAGS = "";
                            SYMROOT = "/Users/gijs/Work/sonic-vision/code/cpp/finder/build.mac";
                            USE_HEADERMAP = NO;
                            WARNING_CFLAGS = ("-Wmost", "-Wno-four-char-constants", "-Wno-unknown-pragmas", );
                     };
                     name = Debug;
              };
              86FF3086FF3086FF30000000 /* Release */ = {
                     isa = XCBuildConfiguration;
                     buildSettings = {
                            EXECUTABLE_PREFIX = "";
                            EXECUTABLE_SUFFIX = "";
                            GCC_GENERATE_DEBUGGING_SYMBOLS = NO;
                            GCC_INLINES_ARE_PRIVATE_EXTERN = NO;
                            GCC_OPTIMIZATION_LEVEL = 3;
                            GCC_PREPROCESSOR_DEFINITIONS = ("'CMAKE_INTDIR=\"$(CONFIGURATION)\"'", );
                            GCC_SYMBOLS_PRIVATE_EXTERN = NO;
                            HEADER_SEARCH_PATHS = (/usr/local/include/opencv, );
                            INSTALL_PATH = "";
                            LIBRARY_SEARCH_PATHS = " /usr/local/lib/$(CONFIGURATION) /usr/local/lib";
                            OTHER_CFLAGS = "    -DNDEBUG  ";
                            OTHER_CPLUSPLUSFLAGS = "    -DNDEBUG  ";
                            OTHER_LDFLAGS = " -Wl,-search_paths_first -headerpad_max_install_names -lcxcore -lcv -lml -lhighgui -lcvaux";
                            OTHER_REZFLAGS = "";
                            PREBINDING = NO;
                            PRODUCT_NAME = finder;
                            SECTORDER_FLAGS = "";
                            SYMROOT = "/Users/gijs/Work/sonic-vision/code/cpp/finder/build.mac";
                            USE_HEADERMAP = NO;
                            WARNING_CFLAGS = ("-Wmost", "-Wno-four-char-constants", "-Wno-unknown-pragmas", );
                     };
                     name = Release;
              };
              871960871960871960000000 /* MinSizeRel */ = {
                     isa = XCBuildConfiguration;
                     buildSettings = {
                            EXECUTABLE_PREFIX = "";
                            EXECUTABLE_SUFFIX = "";
                            GCC_GENERATE_DEBUGGING_SYMBOLS = NO;
                            GCC_INLINES_ARE_PRIVATE_EXTERN = NO;
                            GCC_OPTIMIZATION_LEVEL = s;
                            GCC_PREPROCESSOR_DEFINITIONS = ("'CMAKE_INTDIR=\"$(CONFIGURATION)\"'", );
                            GCC_SYMBOLS_PRIVATE_EXTERN = NO;
                            HEADER_SEARCH_PATHS = (/usr/local/include/opencv, );
                            INSTALL_PATH = "";
                            LIBRARY_SEARCH_PATHS = " /usr/local/lib/$(CONFIGURATION) /usr/local/lib";
                            OTHER_CFLAGS = "    -DNDEBUG  ";
                            OTHER_CPLUSPLUSFLAGS = "    -DNDEBUG  ";
                            OTHER_LDFLAGS = " -Wl,-search_paths_first -headerpad_max_install_names -lcxcore -lcv -lml -lhighgui -lcvaux";
                            OTHER_REZFLAGS = "";
                            PREBINDING = NO;
                            PRODUCT_NAME = finder;
                            SECTORDER_FLAGS = "";
                            SYMROOT = "/Users/gijs/Work/sonic-vision/code/cpp/finder/build.mac";
                            USE_HEADERMAP = NO;
                            WARNING_CFLAGS = ("-Wmost", "-Wno-four-char-constants", "-Wno-unknown-pragmas", );
                     };
                     name = MinSizeRel;
              };
              873370873370873370000000 /* RelWithDebInfo */ = {
                     isa = XCBuildConfiguration;
                     buildSettings = {
                            EXECUTABLE_PREFIX = "";
                            EXECUTABLE_SUFFIX = "";
                            GCC_GENERATE_DEBUGGING_SYMBOLS = YES;
                            GCC_INLINES_ARE_PRIVATE_EXTERN = NO;
                            GCC_OPTIMIZATION_LEVEL = 2;
                            GCC_PREPROCESSOR_DEFINITIONS = ("'CMAKE_INTDIR=\"$(CONFIGURATION)\"'", );
                            GCC_SYMBOLS_PRIVATE_EXTERN = NO;
                            HEADER_SEARCH_PATHS = (/usr/local/include/opencv, );
                            INSTALL_PATH = "";
                            LIBRARY_SEARCH_PATHS = " /usr/local/lib/$(CONFIGURATION) /usr/local/lib";
                            OTHER_CFLAGS = "        ";
                            OTHER_CPLUSPLUSFLAGS = "        ";
                            OTHER_LDFLAGS = " -Wl,-search_paths_first -headerpad_max_install_names -lcxcore -lcv -lml -lhighgui -lcvaux";
                            OTHER_REZFLAGS = "";
                            PREBINDING = NO;
                            PRODUCT_NAME = finder;
                            SECTORDER_FLAGS = "";
                            SYMROOT = "/Users/gijs/Work/sonic-vision/code/cpp/finder/build.mac";
                            USE_HEADERMAP = NO;
                            WARNING_CFLAGS = ("-Wmost", "-Wno-four-char-constants", "-Wno-unknown-pragmas", );
                     };
                     name = RelWithDebInfo;
              };
/* End XCBuildConfiguration section */

/* Begin XCConfigurationList section */
              861C50861C50861C50000000 /* Build configuration list for PBXProject  "finder" */ = {
                     isa = XCConfigurationList;
                     buildConfigurations = (
                            861DC0861DC0861DC0000000 /* Debug */,
                            861FA0861FA0861FA0000000 /* Release */,
                            8620A08620A08620A0000000 /* MinSizeRel */,
                            862230862230862230000000 /* RelWithDebInfo */,
                     );
                     defaultConfigurationIsVisible = 0;
                     defaultConfigurationName = Debug;
              };
              864770864770864770000000 /* Build configuration list for PBXAggregateTarget "ALL_BUILD" */ = {
                     isa = XCConfigurationList;
                     buildConfigurations = (
                            864C80864C80864C80000000 /* Debug */,
                            8664A08664A08664A0000000 /* Release */,
                            867C70867C70867C70000000 /* MinSizeRel */,
                            869440869440869440000000 /* RelWithDebInfo */,
                     );
                     defaultConfigurationIsVisible = 0;
                     defaultConfigurationName = Debug;
              };
              86DE5086DE5086DE50000000 /* Build configuration list for PBXNativeTarget "finder" */ = {
                     isa = XCConfigurationList;
                     buildConfigurations = (
                            86E19086E19086E190000000 /* Debug */,
                            86FF3086FF3086FF30000000 /* Release */,
                            871960871960871960000000 /* MinSizeRel */,
                            873370873370873370000000 /* RelWithDebInfo */,
                     );
                     defaultConfigurationIsVisible = 0;
                     defaultConfigurationName = Debug;
              };
/* End XCConfigurationList section */
       };
       rootObject = 8613B08613B08613B0000000;
}
